
Microsoft Visual Studio Solution File, Format Version 12.00
# Visual Studio Version 17
VisualStudioVersion = 17.4.33205.214
MinimumVisualStudioVersion = 10.0.40219.1
Project("{FAE04EC0-301F-11D3-BF4B-00C04F79EFBC}") = "1_TypyGeneryczne", "1_TypyGeneryczne.csproj", "{E5D421B6-328D-4EF7-B273-F2A91639BC94}"
EndProject
Project("{FAE04EC0-301F-11D3-BF4B-00C04F79EFBC}") = "2_KolekcjeGeneryczne", "..\2_KolekcjeGeneryczne\2_KolekcjeGeneryczne.csproj", "{DEA1D07E-AFFD-44BE-8E36-B501F804624E}"
EndProject
Project("{FAE04EC0-301F-11D3-BF4B-00C04F79EFBC}") = "1_TypyGeneryczneTests", "..\1_TypyGeneryczneTests\1_TypyGeneryczneTests.csproj", "{7FE579CA-B669-4830-AC9C-2F32C1525BEF}"
EndProject
Global
	GlobalSection(SolutionConfigurationPlatforms) = preSolution
		Debug|Any CPU = Debug|Any CPU
		Release|Any CPU = Release|Any CPU
	EndGlobalSection
	GlobalSection(ProjectConfigurationPlatforms) = postSolution
		{E5D421B6-328D-4EF7-B273-F2A91639BC94}.Debug|Any CPU.ActiveCfg = Debug|Any CPU
		{E5D421B6-328D-4EF7-B273-F2A91639BC94}.Debug|Any CPU.Build.0 = Debug|Any CPU
		{E5D421B6-328D-4EF7-B273-F2A91639BC94}.Release|Any CPU.ActiveCfg = Release|Any CPU
		{E5D421B6-328D-4EF7-B273-F2A91639BC94}.Release|Any CPU.Build.0 = Release|Any CPU
		{DEA1D07E-AFFD-44BE-8E36-B501F804624E}.Debug|Any CPU.ActiveCfg = Debug|Any CPU
		{DEA1D07E-AFFD-44BE-8E36-B501F804624E}.Debug|Any CPU.Build.0 = Debug|Any CPU
		{DEA1D07E-AFFD-44BE-8E36-B501F804624E}.Release|Any CPU.ActiveCfg = Release|Any CPU
		{DEA1D07E-AFFD-44BE-8E36-B501F804624E}.Release|Any CPU.Build.0 = Release|Any CPU
		{7FE579CA-B669-4830-AC9C-2F32C1525BEF}.Debug|Any CPU.ActiveCfg = Debug|Any CPU
		{7FE579CA-B669-4830-AC9C-2F32C1525BEF}.Debug|Any CPU.Build.0 = Debug|Any CPU
		{7FE579CA-B669-4830-AC9C-2F32C1525BEF}.Release|Any CPU.ActiveCfg = Release|Any CPU
		{7FE579CA-B669-4830-AC9C-2F32C1525BEF}.Release|Any CPU.Build.0 = Release|Any CPU
	EndGlobalSection
	GlobalSection(SolutionProperties) = preSolution
		HideSolutionNode = FALSE
	EndGlobalSection
	GlobalSection(ExtensibilityGlobals) = postSolution
		SolutionGuid = {2397827B-20EB-4A51-A4A5-CCEC4A929773}
	EndGlobalSection
EndGlobal
